
Microsoft Visual Studio Solution File, Format Version 12.00
Project("{FAE04EC0-301F-11D3-BF4B-00C04F79EFBC}") = "Server", "Server\Server.csproj", "{FD18669F-5FAC-4DA2-9CD7-9D8715C26031}"
EndProject
Project("{FAE04EC0-301F-11D3-BF4B-00C04F79EFBC}") = "Client", "Client\Client.csproj", "{FA2BB0A7-5E83-400E-AE21-8F1BDD2FD294}"
EndProject
Global
	GlobalSection(SolutionConfigurationPlatforms) = preSolution
		Debug|Any CPU = Debug|Any CPU
		Release|Any CPU = Release|Any CPU
	EndGlobalSection
	GlobalSection(ProjectConfigurationPlatforms) = postSolution
		{FD18669F-5FAC-4DA2-9CD7-9D8715C26031}.Debug|Any CPU.ActiveCfg = Debug|Any CPU
		{FD18669F-5FAC-4DA2-9CD7-9D8715C26031}.Debug|Any CPU.Build.0 = Debug|Any CPU
		{FD18669F-5FAC-4DA2-9CD7-9D8715C26031}.Release|Any CPU.ActiveCfg = Release|Any CPU
		{FD18669F-5FAC-4DA2-9CD7-9D8715C26031}.Release|Any CPU.Build.0 = Release|Any CPU
		{FA2BB0A7-5E83-400E-AE21-8F1BDD2FD294}.Debug|Any CPU.ActiveCfg = Debug|Any CPU
		{FA2BB0A7-5E83-400E-AE21-8F1BDD2FD294}.Debug|Any CPU.Build.0 = Debug|Any CPU
		{FA2BB0A7-5E83-400E-AE21-8F1BDD2FD294}.Release|Any CPU.ActiveCfg = Release|Any CPU
		{FA2BB0A7-5E83-400E-AE21-8F1BDD2FD294}.Release|Any CPU.Build.0 = Release|Any CPU
	EndGlobalSection
EndGlobal
